{
  "lockfile_version": "1",
  "packages": {
    "astro-language-server@latest": {
      "last_modified": "2025-07-31T04:07:16Z",
      "resolved": "github:NixOS/nixpkgs/8679b16e11becd487b45d568358ddf9d5640d860#astro-language-server",
      "source": "devbox-search",
      "version": "2.15.4",
      "systems": {
        "aarch64-darwin": {
          "outputs": [
            {
              "name": "out",
              "path": "/nix/store/hbghr4x14nj6kvkx6iy03myag6zmgk01-astro-language-server-2.15.4",
              "default": true
            }
          ],
          "store_path": "/nix/store/hbghr4x14nj6kvkx6iy03myag6zmgk01-astro-language-server-2.15.4"
        },
        "aarch64-linux": {
          "outputs": [
            {
              "name": "out",
              "path": "/nix/store/mfrw30r4xqaqp5c26x3gsmbh41rgwgbv-astro-language-server-2.15.4",
              "default": true
            }
          ],
          "store_path": "/nix/store/mfrw30r4xqaqp5c26x3gsmbh41rgwgbv-astro-language-server-2.15.4"
        },
        "x86_64-darwin": {
          "outputs": [
            {
              "name": "out",
              "path": "/nix/store/9xf1cnfqm54jp8mhjhssi5q84vn5kmmi-astro-language-server-2.15.4",
              "default": true
            }
          ],
          "store_path": "/nix/store/9xf1cnfqm54jp8mhjhssi5q84vn5kmmi-astro-language-server-2.15.4"
        },
        "x86_64-linux": {
          "outputs": [
            {
              "name": "out",
              "path": "/nix/store/q5040ci4qv6bx1xmia3vh1l22kl3x0ml-astro-language-server-2.15.4",
              "default": true
            }
          ],
          "store_path": "/nix/store/q5040ci4qv6bx1xmia3vh1l22kl3x0ml-astro-language-server-2.15.4"
        }
      }
    },
    "github:NixOS/nixpkgs/nixpkgs-unstable": {
      "last_modified": "2025-09-05T01:14:44Z",
      "resolved": "github:NixOS/nixpkgs/ca77296380960cd497a765102eeb1356eb80fed0?lastModified=1757034884&narHash=sha256-PgLSZDBEWUHpfTRfFyklmiiLBE1i1aGCtz4eRA3POao%3D"
    },
    "nodePackages.prettier@3": {
      "last_modified": "2025-05-21T18:43:04Z",
      "resolved": "github:NixOS/nixpkgs/8c441601c43232976179eac52dde704c8bdf81ed#nodePackages.prettier",
      "source": "devbox-search",
      "version": "3.5.3",
      "systems": {
        "aarch64-darwin": {
          "outputs": [
            {
              "name": "out",
              "path": "/nix/store/yspchsd3ww1ddz2r5783kw8y9j0vr3r8-prettier-3.5.3",
              "default": true
            }
          ],
          "store_path": "/nix/store/yspchsd3ww1ddz2r5783kw8y9j0vr3r8-prettier-3.5.3"
        },
        "aarch64-linux": {
          "outputs": [
            {
              "name": "out",
              "path": "/nix/store/ya3imag4wkxj3g5fws96rzyzv36m74w8-prettier-3.5.3",
              "default": true
            }
          ],
          "store_path": "/nix/store/ya3imag4wkxj3g5fws96rzyzv36m74w8-prettier-3.5.3"
        },
        "x86_64-darwin": {
          "outputs": [
            {
              "name": "out",
              "path": "/nix/store/f9q2y20qa56hjzxnia0q664m0rkwwqvm-prettier-3.5.3",
              "default": true
            }
          ],
          "store_path": "/nix/store/f9q2y20qa56hjzxnia0q664m0rkwwqvm-prettier-3.5.3"
        },
        "x86_64-linux": {
          "outputs": [
            {
              "name": "out",
              "path": "/nix/store/wry9vlk19pk7izrknb980icc8gihzllx-prettier-3.5.3",
              "default": true
            }
          ],
          "store_path": "/nix/store/wry9vlk19pk7izrknb980icc8gihzllx-prettier-3.5.3"
        }
      }
    },
    "nodejs-slim@22": {
      "last_modified": "2025-08-11T16:06:55Z",
      "plugin_version": "0.0.2",
      "resolved": "github:NixOS/nixpkgs/4e942f9ef5b35526597c354d1ded817d1c285ef1#nodejs-slim",
      "source": "devbox-search",
      "version": "22.17.0",
      "systems": {
        "aarch64-darwin": {
          "outputs": [
            {
              "name": "out",
              "path": "/nix/store/lx3gqwih1wkbv8vvbrmj9v655ym8dgwg-nodejs-slim-22.17.0",
              "default": true
            },
            {
              "name": "dev",
              "path": "/nix/store/q7b8d3yr5q18vfgdc2z70fkr92aav9mc-nodejs-slim-22.17.0-dev"
            },
            {
              "name": "libv8",
              "path": "/nix/store/j4jkjpbcar8k906dkvxhmkf7mmblmab8-nodejs-slim-22.17.0-libv8"
            }
          ],
          "store_path": "/nix/store/lx3gqwih1wkbv8vvbrmj9v655ym8dgwg-nodejs-slim-22.17.0"
        },
        "aarch64-linux": {
          "outputs": [
            {
              "name": "out",
              "path": "/nix/store/nzmslx8qz3sp80cmq36qfasca3q4gqfy-nodejs-slim-22.17.0",
              "default": true
            },
            {
              "name": "libv8",
              "path": "/nix/store/k0sr5x5gyrwlji7hdysvkghc2bshjbyn-nodejs-slim-22.17.0-libv8"
            },
            {
              "name": "dev",
              "path": "/nix/store/yq15sxmzc6x1xxc344d676ky6md5a5wj-nodejs-slim-22.17.0-dev"
            }
          ],
          "store_path": "/nix/store/nzmslx8qz3sp80cmq36qfasca3q4gqfy-nodejs-slim-22.17.0"
        },
        "x86_64-darwin": {
          "outputs": [
            {
              "name": "out",
              "path": "/nix/store/sd6xrfyisfbyfgikw559yi6pnsy9nx2q-nodejs-slim-22.17.0",
              "default": true
            },
            {
              "name": "dev",
              "path": "/nix/store/ifr0z1mh7sb2dmgvz03bgq92pm5g0yz2-nodejs-slim-22.17.0-dev"
            },
            {
              "name": "libv8",
              "path": "/nix/store/qam56r4y78m9261058xsf3whgbr3zfv0-nodejs-slim-22.17.0-libv8"
            }
          ],
          "store_path": "/nix/store/sd6xrfyisfbyfgikw559yi6pnsy9nx2q-nodejs-slim-22.17.0"
        },
        "x86_64-linux": {
          "outputs": [
            {
              "name": "out",
              "path": "/nix/store/v3rfwvibldbp2pik09zvnf822a7a5rka-nodejs-slim-22.17.0",
              "default": true
            },
            {
              "name": "dev",
              "path": "/nix/store/vk5irxac6jh8w0x4k9mwb3blzmnmibm0-nodejs-slim-22.17.0-dev"
            },
            {
              "name": "libv8",
              "path": "/nix/store/hhg5cxs9dnq8s383g6z5blccqb3kjch2-nodejs-slim-22.17.0-libv8"
            }
          ],
          "store_path": "/nix/store/v3rfwvibldbp2pik09zvnf822a7a5rka-nodejs-slim-22.17.0"
        }
      }
    },
    "pnpm@10": {
      "last_modified": "2025-08-02T16:19:54Z",
      "resolved": "github:NixOS/nixpkgs/7b6929d8b900de3142638310f8bc40cff4f2c507#pnpm",
      "source": "devbox-search",
      "version": "10.14.0",
      "systems": {
        "aarch64-darwin": {
          "outputs": [
            {
              "name": "out",
              "path": "/nix/store/zbrkyacg6llvr23i9jymcqpdply66wcb-pnpm-10.14.0",
              "default": true
            }
          ],
          "store_path": "/nix/store/zbrkyacg6llvr23i9jymcqpdply66wcb-pnpm-10.14.0"
        },
        "aarch64-linux": {
          "outputs": [
            {
              "name": "out",
              "path": "/nix/store/cfpp6ffy67vvzz1l6vqddkxzffs2m790-pnpm-10.14.0",
              "default": true
            }
          ],
          "store_path": "/nix/store/cfpp6ffy67vvzz1l6vqddkxzffs2m790-pnpm-10.14.0"
        },
        "x86_64-darwin": {
          "outputs": [
            {
              "name": "out",
              "path": "/nix/store/iryjb73pn84bczcr751608rjbpbzm721-pnpm-10.14.0",
              "default": true
            }
          ],
          "store_path": "/nix/store/iryjb73pn84bczcr751608rjbpbzm721-pnpm-10.14.0"
        },
        "x86_64-linux": {
          "outputs": [
            {
              "name": "out",
              "path": "/nix/store/q4cljfi7la5sbb75vb2kkgvbg2qwgz2x-pnpm-10.14.0",
              "default": true
            }
          ],
          "store_path": "/nix/store/q4cljfi7la5sbb75vb2kkgvbg2qwgz2x-pnpm-10.14.0"
        }
      }
    },
    "svelte-language-server@latest": {
      "last_modified": "2025-08-04T03:33:26Z",
      "resolved": "github:NixOS/nixpkgs/6a489c9482ca676ce23c0bcd7f2e1795383325fa#svelte-language-server",
      "source": "devbox-search",
      "version": "0.17.17",
      "systems": {
        "aarch64-darwin": {
          "outputs": [
            {
              "name": "out",
              "path": "/nix/store/xh3qipn2jf00fcxc21q697sviva5rhdl-svelte-language-server-0.17.17",
              "default": true
            }
          ],
          "store_path": "/nix/store/xh3qipn2jf00fcxc21q697sviva5rhdl-svelte-language-server-0.17.17"
        },
        "aarch64-linux": {
          "outputs": [
            {
              "name": "out",
              "path": "/nix/store/dfnq2ip4vn5shhv84lavcr7z9i141rgl-svelte-language-server-0.17.17",
              "default": true
            }
          ],
          "store_path": "/nix/store/dfnq2ip4vn5shhv84lavcr7z9i141rgl-svelte-language-server-0.17.17"
        },
        "x86_64-darwin": {
          "outputs": [
            {
              "name": "out",
              "path": "/nix/store/lid1wkdcmm4rm4d8sgg3wjvx6albx5mp-svelte-language-server-0.17.17",
              "default": true
            }
          ],
          "store_path": "/nix/store/lid1wkdcmm4rm4d8sgg3wjvx6albx5mp-svelte-language-server-0.17.17"
        },
        "x86_64-linux": {
          "outputs": [
            {
              "name": "out",
              "path": "/nix/store/p6qhj45giayl095lm0xx6z4xfmghi3n5-svelte-language-server-0.17.17",
              "default": true
            }
          ],
          "store_path": "/nix/store/p6qhj45giayl095lm0xx6z4xfmghi3n5-svelte-language-server-0.17.17"
        }
      }
    },
    "tailwindcss-language-server@latest": {
      "last_modified": "2025-08-03T00:53:03Z",
      "resolved": "github:NixOS/nixpkgs/e960e6e1dc689e2b5fe9e3ee824fc12860d9f27c#tailwindcss-language-server",
      "source": "devbox-search",
      "version": "0.14.26",
      "systems": {
        "aarch64-darwin": {
          "outputs": [
            {
              "name": "out",
              "path": "/nix/store/wy2hwm2l1izpjda3j8pnc6fz1y3fcag1-tailwindcss-language-server-0.14.26",
              "default": true
            }
          ],
          "store_path": "/nix/store/wy2hwm2l1izpjda3j8pnc6fz1y3fcag1-tailwindcss-language-server-0.14.26"
        },
        "aarch64-linux": {
          "outputs": [
            {
              "name": "out",
              "path": "/nix/store/bxhy359varv58xf6616hg57ykcwma63k-tailwindcss-language-server-0.14.26",
              "default": true
            }
          ],
          "store_path": "/nix/store/bxhy359varv58xf6616hg57ykcwma63k-tailwindcss-language-server-0.14.26"
        },
        "x86_64-darwin": {
          "outputs": [
            {
              "name": "out",
              "path": "/nix/store/6cprn6s65vdplrbxk1lkzc30mnvayz58-tailwindcss-language-server-0.14.26",
              "default": true
            }
          ],
          "store_path": "/nix/store/6cprn6s65vdplrbxk1lkzc30mnvayz58-tailwindcss-language-server-0.14.26"
        },
        "x86_64-linux": {
          "outputs": [
            {
              "name": "out",
              "path": "/nix/store/zajghcn6q9ws5xakrrgdm43zw8hfh1vr-tailwindcss-language-server-0.14.26",
              "default": true
            }
          ],
          "store_path": "/nix/store/zajghcn6q9ws5xakrrgdm43zw8hfh1vr-tailwindcss-language-server-0.14.26"
        }
      }
    },
    "vscode-langservers-extracted@4.8": {
      "last_modified": "2024-05-12T16:19:40Z",
      "resolved": "github:NixOS/nixpkgs/3281bec7174f679eabf584591e75979a258d8c40#vscode-langservers-extracted",
      "source": "devbox-search",
      "version": "4.8.0",
      "systems": {
        "aarch64-darwin": {
          "outputs": [
            {
              "name": "out",
              "path": "/nix/store/xsqgjny884g2b1gljgq0k11xv6hfdm78-vscode-langservers-extracted-4.8.0",
              "default": true
            }
          ],
          "store_path": "/nix/store/xsqgjny884g2b1gljgq0k11xv6hfdm78-vscode-langservers-extracted-4.8.0"
        },
        "aarch64-linux": {
          "outputs": [
            {
              "name": "out",
              "path": "/nix/store/pm0cg9rqxplx626hkkkx35kppbznv6j0-vscode-langservers-extracted-4.8.0",
              "default": true
            }
          ],
          "store_path": "/nix/store/pm0cg9rqxplx626hkkkx35kppbznv6j0-vscode-langservers-extracted-4.8.0"
        },
        "x86_64-darwin": {
          "outputs": [
            {
              "name": "out",
              "path": "/nix/store/dgw9rj70pa5fnphxwzfbpz9idgp4hlj1-vscode-langservers-extracted-4.8.0",
              "default": true
            }
          ],
          "store_path": "/nix/store/dgw9rj70pa5fnphxwzfbpz9idgp4hlj1-vscode-langservers-extracted-4.8.0"
        },
        "x86_64-linux": {
          "outputs": [
            {
              "name": "out",
              "path": "/nix/store/c4pbi49m60nnb2wls2wd3wrdv195mhhd-vscode-langservers-extracted-4.8.0",
              "default": true
            }
          ],
          "store_path": "/nix/store/c4pbi49m60nnb2wls2wd3wrdv195mhhd-vscode-langservers-extracted-4.8.0"
        }
      }
    }
  }
}
