{
  "lockfile_version": "1",
  "packages": {
    "astro-language-server@latest": {
      "last_modified": "2025-09-18T16:33:27Z",
      "resolved": "github:NixOS/nixpkgs/f4b140d5b253f5e2a1ff4e5506edbf8267724bde#astro-language-server",
      "source": "devbox-search",
      "version": "2.15.4",
      "systems": {
        "aarch64-darwin": {
          "outputs": [
            {
              "name": "out",
              "path": "/nix/store/9h01h0j5nnapy57ccy5pzmw4wgd2wci5-astro-language-server-2.15.4",
              "default": true
            }
          ],
          "store_path": "/nix/store/9h01h0j5nnapy57ccy5pzmw4wgd2wci5-astro-language-server-2.15.4"
        },
        "aarch64-linux": {
          "outputs": [
            {
              "name": "out",
              "path": "/nix/store/v718rxr4hxc6g82dj0nl35lvxgr08fkg-astro-language-server-2.15.4",
              "default": true
            }
          ],
          "store_path": "/nix/store/v718rxr4hxc6g82dj0nl35lvxgr08fkg-astro-language-server-2.15.4"
        },
        "x86_64-darwin": {
          "outputs": [
            {
              "name": "out",
              "path": "/nix/store/zmckb19i786ns5vgmr99zdjninxa2zac-astro-language-server-2.15.4",
              "default": true
            }
          ],
          "store_path": "/nix/store/zmckb19i786ns5vgmr99zdjninxa2zac-astro-language-server-2.15.4"
        },
        "x86_64-linux": {
          "outputs": [
            {
              "name": "out",
              "path": "/nix/store/0xcr0hqhf4gm658cy3pirkjjy693p69l-astro-language-server-2.15.4",
              "default": true
            }
          ],
          "store_path": "/nix/store/0xcr0hqhf4gm658cy3pirkjjy693p69l-astro-language-server-2.15.4"
        }
      }
    },
    "github:NixOS/nixpkgs/nixpkgs-unstable": {
      "last_modified": "2025-09-28T14:42:27Z",
      "resolved": "github:NixOS/nixpkgs/647e5c14cbd5067f44ac86b74f014962df460840?lastModified=1759070547&narHash=sha256-JVZl8NaVRYb0%2B381nl7LvPE%2BA774%2FdRpif01FKLrYFQ%3D"
    },
    "nodePackages.prettier@3": {
      "last_modified": "2025-05-21T18:43:04Z",
      "resolved": "github:NixOS/nixpkgs/8c441601c43232976179eac52dde704c8bdf81ed#nodePackages.prettier",
      "source": "devbox-search",
      "version": "3.5.3",
      "systems": {
        "aarch64-darwin": {
          "outputs": [
            {
              "name": "out",
              "path": "/nix/store/yspchsd3ww1ddz2r5783kw8y9j0vr3r8-prettier-3.5.3",
              "default": true
            }
          ],
          "store_path": "/nix/store/yspchsd3ww1ddz2r5783kw8y9j0vr3r8-prettier-3.5.3"
        },
        "aarch64-linux": {
          "outputs": [
            {
              "name": "out",
              "path": "/nix/store/ya3imag4wkxj3g5fws96rzyzv36m74w8-prettier-3.5.3",
              "default": true
            }
          ],
          "store_path": "/nix/store/ya3imag4wkxj3g5fws96rzyzv36m74w8-prettier-3.5.3"
        },
        "x86_64-darwin": {
          "outputs": [
            {
              "name": "out",
              "path": "/nix/store/f9q2y20qa56hjzxnia0q664m0rkwwqvm-prettier-3.5.3",
              "default": true
            }
          ],
          "store_path": "/nix/store/f9q2y20qa56hjzxnia0q664m0rkwwqvm-prettier-3.5.3"
        },
        "x86_64-linux": {
          "outputs": [
            {
              "name": "out",
              "path": "/nix/store/wry9vlk19pk7izrknb980icc8gihzllx-prettier-3.5.3",
              "default": true
            }
          ],
          "store_path": "/nix/store/wry9vlk19pk7izrknb980icc8gihzllx-prettier-3.5.3"
        }
      }
    },
    "nodejs-slim@22": {
      "last_modified": "2025-09-21T00:54:27Z",
      "plugin_version": "0.0.2",
      "resolved": "github:NixOS/nixpkgs/51c8f9cfaae8306d135095bcdb3df9027f95542d#nodejs-slim",
      "source": "devbox-search",
      "version": "22.19.0",
      "systems": {
        "aarch64-darwin": {
          "outputs": [
            {
              "name": "out",
              "path": "/nix/store/j3j236g5i03q39cmhpnqz6xihs9giy97-nodejs-slim-22.19.0",
              "default": true
            },
            {
              "name": "dev",
              "path": "/nix/store/bwg0r13fl704jknqyyvb0ml4j0mb3cwy-nodejs-slim-22.19.0-dev"
            },
            {
              "name": "libv8",
              "path": "/nix/store/iyfzh7wi7lkkrfa1r2f25n0yp19j7s5g-nodejs-slim-22.19.0-libv8"
            }
          ],
          "store_path": "/nix/store/j3j236g5i03q39cmhpnqz6xihs9giy97-nodejs-slim-22.19.0"
        },
        "aarch64-linux": {
          "outputs": [
            {
              "name": "out",
              "path": "/nix/store/3b5vqradv22c1gwba8wmy1jpr7c64qcr-nodejs-slim-22.19.0",
              "default": true
            },
            {
              "name": "dev",
              "path": "/nix/store/bv02glws1vd255czq1dhqwcwzm85ldb1-nodejs-slim-22.19.0-dev"
            },
            {
              "name": "libv8",
              "path": "/nix/store/b1b5bk0dlisjaprwxizgbmsqm3b6hb6s-nodejs-slim-22.19.0-libv8"
            }
          ],
          "store_path": "/nix/store/3b5vqradv22c1gwba8wmy1jpr7c64qcr-nodejs-slim-22.19.0"
        },
        "x86_64-darwin": {
          "outputs": [
            {
              "name": "out",
              "path": "/nix/store/sbv04ibijyc1svvq6269nb2gplkk0hbj-nodejs-slim-22.19.0",
              "default": true
            },
            {
              "name": "dev",
              "path": "/nix/store/4a1d9nfcxg7i0swf736xp5siawpk343b-nodejs-slim-22.19.0-dev"
            },
            {
              "name": "libv8",
              "path": "/nix/store/sbb2bckyf35s03lq5yjp1rbpnppy73pm-nodejs-slim-22.19.0-libv8"
            }
          ],
          "store_path": "/nix/store/sbv04ibijyc1svvq6269nb2gplkk0hbj-nodejs-slim-22.19.0"
        },
        "x86_64-linux": {
          "outputs": [
            {
              "name": "out",
              "path": "/nix/store/sy5jch1pjwxvv75p2k88fq667wrvyzs0-nodejs-slim-22.19.0",
              "default": true
            },
            {
              "name": "libv8",
              "path": "/nix/store/7m078ggm1b6fj5vqlpaahmwni227q5yb-nodejs-slim-22.19.0-libv8"
            },
            {
              "name": "dev",
              "path": "/nix/store/627071spgbvdr3kja2anb1cxv8ngx55y-nodejs-slim-22.19.0-dev"
            }
          ],
          "store_path": "/nix/store/sy5jch1pjwxvv75p2k88fq667wrvyzs0-nodejs-slim-22.19.0"
        }
      }
    },
    "pnpm@10": {
      "last_modified": "2025-09-21T00:54:27Z",
      "resolved": "github:NixOS/nixpkgs/51c8f9cfaae8306d135095bcdb3df9027f95542d#pnpm",
      "source": "devbox-search",
      "version": "10.17.0",
      "systems": {
        "aarch64-darwin": {
          "outputs": [
            {
              "name": "out",
              "path": "/nix/store/b04y9p0r0ld6wnxj520rb3r3icrbb746-pnpm-10.17.0",
              "default": true
            }
          ],
          "store_path": "/nix/store/b04y9p0r0ld6wnxj520rb3r3icrbb746-pnpm-10.17.0"
        },
        "aarch64-linux": {
          "outputs": [
            {
              "name": "out",
              "path": "/nix/store/6429h7ysbq22mcgjckqzp0nij3crcwss-pnpm-10.17.0",
              "default": true
            }
          ],
          "store_path": "/nix/store/6429h7ysbq22mcgjckqzp0nij3crcwss-pnpm-10.17.0"
        },
        "x86_64-darwin": {
          "outputs": [
            {
              "name": "out",
              "path": "/nix/store/g43yrsmwbdcwvaswkp56053g9vrdis80-pnpm-10.17.0",
              "default": true
            }
          ],
          "store_path": "/nix/store/g43yrsmwbdcwvaswkp56053g9vrdis80-pnpm-10.17.0"
        },
        "x86_64-linux": {
          "outputs": [
            {
              "name": "out",
              "path": "/nix/store/kiancmmw300lq2gzz9kcn822x8xf7ikd-pnpm-10.17.0",
              "default": true
            }
          ],
          "store_path": "/nix/store/kiancmmw300lq2gzz9kcn822x8xf7ikd-pnpm-10.17.0"
        }
      }
    },
    "svelte-language-server@latest": {
      "last_modified": "2025-09-18T16:33:27Z",
      "resolved": "github:NixOS/nixpkgs/f4b140d5b253f5e2a1ff4e5506edbf8267724bde#svelte-language-server",
      "source": "devbox-search",
      "version": "0.17.19",
      "systems": {
        "aarch64-darwin": {
          "outputs": [
            {
              "name": "out",
              "path": "/nix/store/8a6vlbg8531mrcslfjzsbqhiqqplk55h-svelte-language-server-0.17.19",
              "default": true
            }
          ],
          "store_path": "/nix/store/8a6vlbg8531mrcslfjzsbqhiqqplk55h-svelte-language-server-0.17.19"
        },
        "aarch64-linux": {
          "outputs": [
            {
              "name": "out",
              "path": "/nix/store/n0n8241f2b3lnfnlqyp9wx219i5g0b37-svelte-language-server-0.17.19",
              "default": true
            }
          ],
          "store_path": "/nix/store/n0n8241f2b3lnfnlqyp9wx219i5g0b37-svelte-language-server-0.17.19"
        },
        "x86_64-darwin": {
          "outputs": [
            {
              "name": "out",
              "path": "/nix/store/zd7ainwprjhksmdhin4g0glzg94rak9k-svelte-language-server-0.17.19",
              "default": true
            }
          ],
          "store_path": "/nix/store/zd7ainwprjhksmdhin4g0glzg94rak9k-svelte-language-server-0.17.19"
        },
        "x86_64-linux": {
          "outputs": [
            {
              "name": "out",
              "path": "/nix/store/9djj8d85pyrcwgr8rzkf5hc9hshmh2cg-svelte-language-server-0.17.19",
              "default": true
            }
          ],
          "store_path": "/nix/store/9djj8d85pyrcwgr8rzkf5hc9hshmh2cg-svelte-language-server-0.17.19"
        }
      }
    },
    "tailwindcss-language-server@latest": {
      "last_modified": "2025-09-18T16:33:27Z",
      "resolved": "github:NixOS/nixpkgs/f4b140d5b253f5e2a1ff4e5506edbf8267724bde#tailwindcss-language-server",
      "source": "devbox-search",
      "version": "0.14.26",
      "systems": {
        "aarch64-darwin": {
          "outputs": [
            {
              "name": "out",
              "path": "/nix/store/2qgbs7zs6fafyxdxnx8gr6pr6k9gyw0f-tailwindcss-language-server-0.14.26",
              "default": true
            }
          ],
          "store_path": "/nix/store/2qgbs7zs6fafyxdxnx8gr6pr6k9gyw0f-tailwindcss-language-server-0.14.26"
        },
        "aarch64-linux": {
          "outputs": [
            {
              "name": "out",
              "path": "/nix/store/wk643rzgmxczaagibcvv11g2am3xwd69-tailwindcss-language-server-0.14.26",
              "default": true
            }
          ],
          "store_path": "/nix/store/wk643rzgmxczaagibcvv11g2am3xwd69-tailwindcss-language-server-0.14.26"
        },
        "x86_64-darwin": {
          "outputs": [
            {
              "name": "out",
              "path": "/nix/store/kmk30k3c1kq8wvjx604v417m9da8lxim-tailwindcss-language-server-0.14.26",
              "default": true
            }
          ],
          "store_path": "/nix/store/kmk30k3c1kq8wvjx604v417m9da8lxim-tailwindcss-language-server-0.14.26"
        },
        "x86_64-linux": {
          "outputs": [
            {
              "name": "out",
              "path": "/nix/store/mf3grxl9p32v83baq2nfs59il0d889gl-tailwindcss-language-server-0.14.26",
              "default": true
            }
          ],
          "store_path": "/nix/store/mf3grxl9p32v83baq2nfs59il0d889gl-tailwindcss-language-server-0.14.26"
        }
      }
    },
    "vscode-langservers-extracted@4.8": {
      "last_modified": "2024-05-12T16:19:40Z",
      "resolved": "github:NixOS/nixpkgs/3281bec7174f679eabf584591e75979a258d8c40#vscode-langservers-extracted",
      "source": "devbox-search",
      "version": "4.8.0",
      "systems": {
        "aarch64-darwin": {
          "outputs": [
            {
              "name": "out",
              "path": "/nix/store/xsqgjny884g2b1gljgq0k11xv6hfdm78-vscode-langservers-extracted-4.8.0",
              "default": true
            }
          ],
          "store_path": "/nix/store/xsqgjny884g2b1gljgq0k11xv6hfdm78-vscode-langservers-extracted-4.8.0"
        },
        "aarch64-linux": {
          "outputs": [
            {
              "name": "out",
              "path": "/nix/store/pm0cg9rqxplx626hkkkx35kppbznv6j0-vscode-langservers-extracted-4.8.0",
              "default": true
            }
          ],
          "store_path": "/nix/store/pm0cg9rqxplx626hkkkx35kppbznv6j0-vscode-langservers-extracted-4.8.0"
        },
        "x86_64-darwin": {
          "outputs": [
            {
              "name": "out",
              "path": "/nix/store/dgw9rj70pa5fnphxwzfbpz9idgp4hlj1-vscode-langservers-extracted-4.8.0",
              "default": true
            }
          ],
          "store_path": "/nix/store/dgw9rj70pa5fnphxwzfbpz9idgp4hlj1-vscode-langservers-extracted-4.8.0"
        },
        "x86_64-linux": {
          "outputs": [
            {
              "name": "out",
              "path": "/nix/store/c4pbi49m60nnb2wls2wd3wrdv195mhhd-vscode-langservers-extracted-4.8.0",
              "default": true
            }
          ],
          "store_path": "/nix/store/c4pbi49m60nnb2wls2wd3wrdv195mhhd-vscode-langservers-extracted-4.8.0"
        }
      }
    }
  }
}
